%{"earmark": {:hex, :earmark, "1.2.0", "bf1ce17aea43ab62f6943b97bd6e3dc032ce45d4f787504e3adf738e54b42f3a", [:mix], []},
  "ex_doc": {:git, "https://github.com/elixir-lang/ex_doc", "d294125a87b966ec221500af2a78e48626d81398", []},
  "jds_math_ex": {:git, "https://github.com/jonnystorm/jds-math-elixir", "10d5cdf175b6a12b5ca9d97e4cb998e3324d6561", []},
  "linear_ex": {:git, "https://github.com/jonnystorm/linear-elixir", "a6a3dd8889d921878e8c01268fbad7714c599bd0", []},
  "netaddr_ex": {:git, "https://github.com/jonnystorm/netaddr-elixir", "a88f81bfff2169c5c30ad46251a128a5d0c02447", []}}
